
Microsoft Visual Studio Solution File, Format Version 12.00
# Visual Studio Version 17
VisualStudioVersion = 17.7.34031.279
MinimumVisualStudioVersion = 10.0.40219.1
Project("{FAE04EC0-301F-11D3-BF4B-00C04F79EFBC}") = "EiSpelletje", "EiSpelletje\EiSpelletje.csproj", "{71C64DDB-51E4-4483-9AB2-E1B754CB09EF}"
EndProject
Project("{FAE04EC0-301F-11D3-BF4B-00C04F79EFBC}") = "Dummy", "Dummy\Dummy.csproj", "{6803E0D2-4B74-42C1-B171-5CA284260C17}"
EndProject
Project("{FAE04EC0-301F-11D3-BF4B-00C04F79EFBC}") = "OplossingEiSpelletje", "OplossingEiSpelletje\OplossingEiSpelletje.csproj", "{49F396CF-590E-406A-8347-C912D5860A63}"
EndProject
Project("{FAE04EC0-301F-11D3-BF4B-00C04F79EFBC}") = "EiSpelletjeMetMethods", "EiSpelletjeMetMethods\EiSpelletjeMetMethods.csproj", "{A685B624-AF63-401B-990B-221EF0E1DB20}"
EndProject
Global
	GlobalSection(SolutionConfigurationPlatforms) = preSolution
		Debug|Any CPU = Debug|Any CPU
		Release|Any CPU = Release|Any CPU
	EndGlobalSection
	GlobalSection(ProjectConfigurationPlatforms) = postSolution
		{71C64DDB-51E4-4483-9AB2-E1B754CB09EF}.Debug|Any CPU.ActiveCfg = Debug|Any CPU
		{71C64DDB-51E4-4483-9AB2-E1B754CB09EF}.Debug|Any CPU.Build.0 = Debug|Any CPU
		{71C64DDB-51E4-4483-9AB2-E1B754CB09EF}.Release|Any CPU.ActiveCfg = Release|Any CPU
		{71C64DDB-51E4-4483-9AB2-E1B754CB09EF}.Release|Any CPU.Build.0 = Release|Any CPU
		{6803E0D2-4B74-42C1-B171-5CA284260C17}.Debug|Any CPU.ActiveCfg = Debug|Any CPU
		{6803E0D2-4B74-42C1-B171-5CA284260C17}.Debug|Any CPU.Build.0 = Debug|Any CPU
		{6803E0D2-4B74-42C1-B171-5CA284260C17}.Release|Any CPU.ActiveCfg = Release|Any CPU
		{6803E0D2-4B74-42C1-B171-5CA284260C17}.Release|Any CPU.Build.0 = Release|Any CPU
		{49F396CF-590E-406A-8347-C912D5860A63}.Debug|Any CPU.ActiveCfg = Debug|Any CPU
		{49F396CF-590E-406A-8347-C912D5860A63}.Debug|Any CPU.Build.0 = Debug|Any CPU
		{49F396CF-590E-406A-8347-C912D5860A63}.Release|Any CPU.ActiveCfg = Release|Any CPU
		{49F396CF-590E-406A-8347-C912D5860A63}.Release|Any CPU.Build.0 = Release|Any CPU
		{A685B624-AF63-401B-990B-221EF0E1DB20}.Debug|Any CPU.ActiveCfg = Debug|Any CPU
		{A685B624-AF63-401B-990B-221EF0E1DB20}.Debug|Any CPU.Build.0 = Debug|Any CPU
		{A685B624-AF63-401B-990B-221EF0E1DB20}.Release|Any CPU.ActiveCfg = Release|Any CPU
		{A685B624-AF63-401B-990B-221EF0E1DB20}.Release|Any CPU.Build.0 = Release|Any CPU
	EndGlobalSection
	GlobalSection(SolutionProperties) = preSolution
		HideSolutionNode = FALSE
	EndGlobalSection
	GlobalSection(ExtensibilityGlobals) = postSolution
		SolutionGuid = {62A892CD-31B3-4529-9CA4-D341CC1B733D}
	EndGlobalSection
EndGlobal
